<?xml version="1.0" encoding="utf-8"?>
<Project ToolsVersion="4.0" xmlns="http://schemas.microsoft.com/developer/msbuild/2003">
  <ItemGroup>
    <Filter Include="Source Files">
      <UniqueIdentifier>{4FC737F1-C7A5-4376-A066-2A32D752A2FF}</UniqueIdentifier>
      <Extensions>cpp;c;cc;cxx;def;odl;idl;hpj;bat;asm;asmx</Extensions>
    </Filter>
    <Filter Include="Header Files">
      <UniqueIdentifier>{93995380-89BD-4b04-88EB-625FBE52EBFB}</UniqueIdentifier>
      <Extensions>h;hpp;hxx;hm;inl;inc;xsd</Extensions>
    </Filter>
    <Filter Include="Resource Files">
      <UniqueIdentifier>{67DA6AB6-F800-4c08-8B7A-83BB121AAD01}</UniqueIdentifier>
      <Extensions>rc;ico;cur;bmp;dlg;rc2;rct;bin;rgs;gif;jpg;jpeg;jpe;resx;tiff;tif;png;wav;mfcribbon-ms</Extensions>
    </Filter>
    <Filter Include="Header Files\DecisionTree">
      <UniqueIdentifier>{8cbe3368-65d4-4029-9cb9-1c78948ec062}</UniqueIdentifier>
    </Filter>
    <Filter Include="Source Files\DecisionTree">
      <UniqueIdentifier>{082a8dcc-1036-4bbc-95bf-e40246ba5fa4}</UniqueIdentifier>
    </Filter>
    <Filter Include="Header Files\StateMachine">
      <UniqueIdentifier>{bbc46bed-a81f-4db4-bd78-872bfebd033e}</UniqueIdentifier>
    </Filter>
    <Filter Include="Source Files\StateMachine">
      <UniqueIdentifier>{7fa09878-0fdc-465a-acf8-7cfc345f3169}</UniqueIdentifier>
    </Filter>
  </ItemGroup>
  <ItemGroup>
    <ClInclude Include="BaseAction.h">
      <Filter>Header Files\DecisionTree</Filter>
    </ClInclude>
    <ClInclude Include="MessageAction.h">
      <Filter>Header Files\DecisionTree</Filter>
    </ClInclude>
    <ClInclude Include="DecisionTreeHelpers.h">
      <Filter>Header Files\DecisionTree</Filter>
    </ClInclude>
    <ClInclude Include="IntDecision.h">
      <Filter>Header Files\DecisionTree</Filter>
    </ClInclude>
    <ClInclude Include="StateMachine.h">
      <Filter>Header Files\StateMachine</Filter>
    </ClInclude>
    <ClInclude Include="Game.h">
      <Filter>Header Files</Filter>
    </ClInclude>
    <ClInclude Include="TickState.h">
      <Filter>Header Files\StateMachine</Filter>
    </ClInclude>
    <ClInclude Include="KaboomState.h">
      <Filter>Header Files\StateMachine</Filter>
    </ClInclude>
    <ClInclude Include="EndGameState.h">
      <Filter>Header Files\StateMachine</Filter>
    </ClInclude>
  </ItemGroup>
  <ItemGroup>
    <ClCompile Include="main.cpp">
      <Filter>Source Files</Filter>
    </ClCompile>
    <ClCompile Include="BaseAction.cpp">
      <Filter>Source Files\DecisionTree</Filter>
    </ClCompile>
    <ClCompile Include="IntDecision.cpp">
      <Filter>Source Files\DecisionTree</Filter>
    </ClCompile>
    <ClCompile Include="DecisionTreeHelpers.cpp">
      <Filter>Source Files\DecisionTree</Filter>
    </ClCompile>
    <ClCompile Include="MessageAction.cpp">
      <Filter>Source Files\DecisionTree</Filter>
    </ClCompile>
    <ClCompile Include="StateMachine.cpp">
      <Filter>Source Files\StateMachine</Filter>
    </ClCompile>
    <ClCompile Include="Game.cpp">
      <Filter>Source Files</Filter>
    </ClCompile>
    <ClCompile Include="TickState.cpp">
      <Filter>Source Files\StateMachine</Filter>
    </ClCompile>
    <ClCompile Include="KaboomState.cpp">
      <Filter>Source Files\StateMachine</Filter>
    </ClCompile>
    <ClCompile Include="EndGameState.cpp">
      <Filter>Source Files\StateMachine</Filter>
    </ClCompile>
  </ItemGroup>
</Project>