
Microsoft Visual Studio Solution File, Format Version 12.00
# Visual Studio 15
VisualStudioVersion = 15.0.26730.16
MinimumVisualStudioVersion = 10.0.40219.1
Project("{8BC9CEB8-8B4A-11D0-8D11-00A0C91BC942}") = "DecisionTree", "DecisionTree.vcxproj", "{3D4F8C16-B08B-4219-A9C4-229E75F3863E}"
EndProject
Global
	GlobalSection(SolutionConfigurationPlatforms) = preSolution
		Debug|Win32 = Debug|Win32
		Release|Win32 = Release|Win32
	EndGlobalSection
	GlobalSection(ProjectConfigurationPlatforms) = postSolution
		{3D4F8C16-B08B-4219-A9C4-229E75F3863E}.Debug|Win32.ActiveCfg = Debug|Win32
		{3D4F8C16-B08B-4219-A9C4-229E75F3863E}.Debug|Win32.Build.0 = Debug|Win32
		{3D4F8C16-B08B-4219-A9C4-229E75F3863E}.Release|Win32.ActiveCfg = Release|Win32
		{3D4F8C16-B08B-4219-A9C4-229E75F3863E}.Release|Win32.Build.0 = Release|Win32
	EndGlobalSection
	GlobalSection(SolutionProperties) = preSolution
		HideSolutionNode = FALSE
	EndGlobalSection
	GlobalSection(ExtensibilityGlobals) = postSolution
		SolutionGuid = {261C61FE-E29A-400C-9180-E362FD035CD1}
	EndGlobalSection
EndGlobal
